
Microsoft Visual Studio Solution File, Format Version 12.00
# Visual Studio Version 17
VisualStudioVersion = 17.9.34723.18
MinimumVisualStudioVersion = 10.0.40219.1
Project("{FAE04EC0-301F-11D3-BF4B-00C04F79EFBC}") = "UserProvider", "UserProvider\UserProvider.csproj", "{C85DBB52-B826-4330-A3FF-8B82AA7F8953}"
EndProject
Project("{FAE04EC0-301F-11D3-BF4B-00C04F79EFBC}") = "Data", "Data\Data.csproj", "{F4658A2A-D0DD-4538-B1BD-B260725F9097}"
EndProject
Global
	GlobalSection(SolutionConfigurationPlatforms) = preSolution
		Debug|Any CPU = Debug|Any CPU
		Release|Any CPU = Release|Any CPU
	EndGlobalSection
	GlobalSection(ProjectConfigurationPlatforms) = postSolution
		{C85DBB52-B826-4330-A3FF-8B82AA7F8953}.Debug|Any CPU.ActiveCfg = Debug|Any CPU
		{C85DBB52-B826-4330-A3FF-8B82AA7F8953}.Debug|Any CPU.Build.0 = Debug|Any CPU
		{C85DBB52-B826-4330-A3FF-8B82AA7F8953}.Release|Any CPU.ActiveCfg = Release|Any CPU
		{C85DBB52-B826-4330-A3FF-8B82AA7F8953}.Release|Any CPU.Build.0 = Release|Any CPU
		{F4658A2A-D0DD-4538-B1BD-B260725F9097}.Debug|Any CPU.ActiveCfg = Debug|Any CPU
		{F4658A2A-D0DD-4538-B1BD-B260725F9097}.Debug|Any CPU.Build.0 = Debug|Any CPU
		{F4658A2A-D0DD-4538-B1BD-B260725F9097}.Release|Any CPU.ActiveCfg = Release|Any CPU
		{F4658A2A-D0DD-4538-B1BD-B260725F9097}.Release|Any CPU.Build.0 = Release|Any CPU
	EndGlobalSection
	GlobalSection(SolutionProperties) = preSolution
		HideSolutionNode = FALSE
	EndGlobalSection
	GlobalSection(ExtensibilityGlobals) = postSolution
		SolutionGuid = {93EB8126-7F5D-4B0A-AA55-B5F2493A7642}
	EndGlobalSection
EndGlobal
